<?xml version="1.0" encoding="utf-8"?>
<Project ToolsVersion="4.0" xmlns="http://schemas.microsoft.com/developer/msbuild/2003">
  <ItemGroup>
    <Filter Include="Core">
      <UniqueIdentifier>{2EB4837C-1AEB-840D-C3D7-6A10AFED000F}</UniqueIdentifier>
    </Filter>
    <Filter Include="Core\Math">
      <UniqueIdentifier>{C7E5BF15-3350-748C-7C8E-2532E83752E1}</UniqueIdentifier>
    </Filter>
    <Filter Include="Core\Platform">
      <UniqueIdentifier>{42848203-AE44-FE39-777F-47B7E3FE4216}</UniqueIdentifier>
    </Filter>
    <Filter Include="Core\Platform\Input">
      <UniqueIdentifier>{C1DDE26F-2D3F-C07D-B6AC-0630220DF73C}</UniqueIdentifier>
    </Filter>
    <Filter Include="Core\Platform\Windows">
      <UniqueIdentifier>{7C50E91D-E8BC-A418-B1B0-3C761DDCC680}</UniqueIdentifier>
    </Filter>
    <Filter Include="Core\Tools">
      <UniqueIdentifier>{2EE342CE-1A9B-841B-83A2-5D776F791F0C}</UniqueIdentifier>
    </Filter>
    <Filter Include="Engine">
      <UniqueIdentifier>{40dff833-bb24-438b-998f-7b3f23d7d978}</UniqueIdentifier>
    </Filter>
    <Filter Include="Engine\Input">
      <UniqueIdentifier>{27476814-c8fa-41fb-9019-ea39823c05e9}</UniqueIdentifier>
    </Filter>
    <Filter Include="Data Structures">
      <UniqueIdentifier>{ca1b12a9-e3d5-4ea7-acfd-b95581025937}</UniqueIdentifier>
    </Filter>
    <Filter Include="Core\Memory">
      <UniqueIdentifier>{fb60a7b1-2bef-4261-a665-eec553bd42d9}</UniqueIdentifier>
    </Filter>
  </ItemGroup>
  <ItemGroup>
    <ClInclude Include="Source\Defines.h" />
    <ClInclude Include="Source\Core\Math\Align16.h">
      <Filter>Core\Math</Filter>
    </ClInclude>
    <ClInclude Include="Source\Core\Math\Constants.h">
      <Filter>Core\Math</Filter>
    </ClInclude>
    <ClInclude Include="Source\Core\Math\EnumDefine.h">
      <Filter>Core\Math</Filter>
    </ClInclude>
    <ClInclude Include="Source\Core\Math\MathApp.h">
      <Filter>Core\Math</Filter>
    </ClInclude>
    <ClInclude Include="Source\Core\Math\MathEngine.h">
      <Filter>Core\Math</Filter>
    </ClInclude>
    <ClInclude Include="Source\Core\Math\Matrix.h">
      <Filter>Core\Math</Filter>
    </ClInclude>
    <ClInclude Include="Source\Core\Math\MatrixMacros.h">
      <Filter>Core\Math</Filter>
    </ClInclude>
    <ClInclude Include="Source\Core\Math\Quat.h">
      <Filter>Core\Math</Filter>
    </ClInclude>
    <ClInclude Include="Source\Core\Math\QuatApp.h">
      <Filter>Core\Math</Filter>
    </ClInclude>
    <ClInclude Include="Source\Core\Math\Util.h">
      <Filter>Core\Math</Filter>
    </ClInclude>
    <ClInclude Include="Source\Core\Math\VectApp.h">
      <Filter>Core\Math</Filter>
    </ClInclude>
    <ClInclude Include="Source\Core\Math\Vector.h">
      <Filter>Core\Math</Filter>
    </ClInclude>
    <ClInclude Include="Source\Core\Tools\ATGEAssert.h">
      <Filter>Core\Tools</Filter>
    </ClInclude>
    <ClInclude Include="Source\Core\Tools\ATGELogger.h">
      <Filter>Core\Tools</Filter>
    </ClInclude>
    <ClInclude Include="Source\ATGEngine.h" />
    <ClInclude Include="Source\Core\Platform\InputQueue.h">
      <Filter>Core\Platform\Input</Filter>
    </ClInclude>
    <ClInclude Include="Source\Core\Platform\Windows\WindowsHandles.h">
      <Filter>Core\Platform\Windows</Filter>
    </ClInclude>
    <ClInclude Include="Source\Core\Platform\WindowConfig.h">
      <Filter>Core\Platform</Filter>
    </ClInclude>
    <ClInclude Include="Source\DataStructures\SwapbackArray.h">
      <Filter>Data Structures</Filter>
    </ClInclude>
    <ClInclude Include="Source\Core\Tools\GameTimer.h">
      <Filter>Core\Tools</Filter>
    </ClInclude>
    <ClInclude Include="Source\Engine\Input\InputTypes.h">
      <Filter>Engine\Input</Filter>
    </ClInclude>
    <ClInclude Include="Source\Engine\Input\InputManager.h">
      <Filter>Engine\Input</Filter>
    </ClInclude>
    <ClInclude Include="Source\Engine\Input\InputEvent.h">
      <Filter>Engine\Input</Filter>
    </ClInclude>
    <ClInclude Include="Source\Core\Memory\MemoryManager.h">
      <Filter>Core\Memory</Filter>
    </ClInclude>
    <ClInclude Include="Source\Core\Platform\PlatformInterface.h">
      <Filter>Core\Platform</Filter>
    </ClInclude>
    <ClInclude Include="Source\Engine\Tools\TimeManager.h" />
    <ClInclude Include="Source\Engine\Tools\FreezeTime.h" />
  </ItemGroup>
  <ItemGroup>
    <ClCompile Include="Source\Core\Math\Matrix.cpp">
      <Filter>Core\Math</Filter>
    </ClCompile>
    <ClCompile Include="Source\Core\Math\Quat.cpp">
      <Filter>Core\Math</Filter>
    </ClCompile>
    <ClCompile Include="Source\Core\Math\Util.cpp">
      <Filter>Core\Math</Filter>
    </ClCompile>
    <ClCompile Include="Source\Core\Math\VectApp.cpp">
      <Filter>Core\Math</Filter>
    </ClCompile>
    <ClCompile Include="Source\Core\Math\Vector.cpp">
      <Filter>Core\Math</Filter>
    </ClCompile>
    <ClCompile Include="Source\Core\Tools\ATGELogger.cpp">
      <Filter>Core\Tools</Filter>
    </ClCompile>
    <ClCompile Include="Source\ATGEngine.cpp" />
    <ClCompile Include="Source\Core\Platform\InputQueue.cpp">
      <Filter>Core\Platform\Input</Filter>
    </ClCompile>
    <ClCompile Include="Source\Core\Platform\Windows\PI_Windows.cpp">
      <Filter>Core\Platform\Windows</Filter>
    </ClCompile>
    <ClCompile Include="Source\DataStructures\SwapbackArray.cpp">
      <Filter>Data Structures</Filter>
    </ClCompile>
    <ClCompile Include="Source\Core\Tools\GameTimer.cpp">
      <Filter>Core\Tools</Filter>
    </ClCompile>
    <ClCompile Include="Source\Engine\Input\InputManager.cpp">
      <Filter>Engine\Input</Filter>
    </ClCompile>
    <ClCompile Include="Source\Engine\Input\InputEvent.cpp">
      <Filter>Engine\Input</Filter>
    </ClCompile>
    <ClCompile Include="Source\Core\Memory\MemoryManager.cpp">
      <Filter>Core\Memory</Filter>
    </ClCompile>
    <ClCompile Include="Source\Engine\Tools\TimeManager.cpp" />
    <ClCompile Include="Source\Engine\Tools\FreezeTime.cpp" />
  </ItemGroup>
</Project>