<?xml version="1.0" encoding="utf-8"?>
<Project ToolsVersion="4.0" xmlns="http://schemas.microsoft.com/developer/msbuild/2003">
  <ItemGroup>
    <Filter Include="Core">
      <UniqueIdentifier>{2EB4837C-1AEB-840D-C3D7-6A10AFED000F}</UniqueIdentifier>
    </Filter>
    <Filter Include="Core\Math">
      <UniqueIdentifier>{C7E5BF15-3350-748C-7C8E-2532E83752E1}</UniqueIdentifier>
    </Filter>
    <Filter Include="Core\Platform">
      <UniqueIdentifier>{42848203-AE44-FE39-777F-47B7E3FE4216}</UniqueIdentifier>
    </Filter>
    <Filter Include="Core\Platform\Input">
      <UniqueIdentifier>{C1DDE26F-2D3F-C07D-B6AC-0630220DF73C}</UniqueIdentifier>
    </Filter>
    <Filter Include="Core\Platform\Windows">
      <UniqueIdentifier>{7C50E91D-E8BC-A418-B1B0-3C761DDCC680}</UniqueIdentifier>
    </Filter>
    <Filter Include="Core\Tools">
      <UniqueIdentifier>{2EE342CE-1A9B-841B-83A2-5D776F791F0C}</UniqueIdentifier>
    </Filter>
  </ItemGroup>
  <ItemGroup>
    <ClInclude Include="Source\Defines.h" />
    <ClInclude Include="Source\Core\Memory\MemoryManager.h" />
    <ClInclude Include="Source\Core\Math\Align16.h">
      <Filter>Core\Math</Filter>
    </ClInclude>
    <ClInclude Include="Source\Core\Math\Constants.h">
      <Filter>Core\Math</Filter>
    </ClInclude>
    <ClInclude Include="Source\Core\Math\EnumDefine.h">
      <Filter>Core\Math</Filter>
    </ClInclude>
    <ClInclude Include="Source\Core\Math\MathApp.h">
      <Filter>Core\Math</Filter>
    </ClInclude>
    <ClInclude Include="Source\Core\Math\MathEngine.h">
      <Filter>Core\Math</Filter>
    </ClInclude>
    <ClInclude Include="Source\Core\Math\Matrix.h">
      <Filter>Core\Math</Filter>
    </ClInclude>
    <ClInclude Include="Source\Core\Math\MatrixMacros.h">
      <Filter>Core\Math</Filter>
    </ClInclude>
    <ClInclude Include="Source\Core\Math\Quat.h">
      <Filter>Core\Math</Filter>
    </ClInclude>
    <ClInclude Include="Source\Core\Math\QuatApp.h">
      <Filter>Core\Math</Filter>
    </ClInclude>
    <ClInclude Include="Source\Core\Math\Util.h">
      <Filter>Core\Math</Filter>
    </ClInclude>
    <ClInclude Include="Source\Core\Math\VectApp.h">
      <Filter>Core\Math</Filter>
    </ClInclude>
    <ClInclude Include="Source\Core\Math\Vector.h">
      <Filter>Core\Math</Filter>
    </ClInclude>
    <ClInclude Include="Source\Core\Tools\ATGEAssert.h">
      <Filter>Core\Tools</Filter>
    </ClInclude>
    <ClInclude Include="Source\Core\Tools\ATGELogger.h">
      <Filter>Core\Tools</Filter>
    </ClInclude>
    <ClInclude Include="Source\Core\ATGEngine.h" />
    <ClInclude Include="Source\Core\Platform\PlatformInterface.h" />
    <ClInclude Include="Source\Core\Platform\WindowConfig.h" />
    <ClInclude Include="Source\Core\Platform\Windows\WindowsHandles.h" />
    <ClInclude Include="Source\Engine\Input\InputManager.h" />
    <ClInclude Include="Source\Engine\Input\InputEvent.h" />
    <ClInclude Include="Source\Engine\Input\InputTypes.h" />
    <ClInclude Include="Source\Core\Platform\InputQueue.h" />
    <ClInclude Include="Source\DataStructures\SwapbackArray.h" />
  </ItemGroup>
  <ItemGroup>
    <ClCompile Include="Source\Core\Memory\MemoryManager.cpp" />
    <ClCompile Include="Source\Core\Math\Matrix.cpp">
      <Filter>Core\Math</Filter>
    </ClCompile>
    <ClCompile Include="Source\Core\Math\Quat.cpp">
      <Filter>Core\Math</Filter>
    </ClCompile>
    <ClCompile Include="Source\Core\Math\Util.cpp">
      <Filter>Core\Math</Filter>
    </ClCompile>
    <ClCompile Include="Source\Core\Math\VectApp.cpp">
      <Filter>Core\Math</Filter>
    </ClCompile>
    <ClCompile Include="Source\Core\Math\Vector.cpp">
      <Filter>Core\Math</Filter>
    </ClCompile>
    <ClCompile Include="Source\Core\Tools\ATGELogger.cpp">
      <Filter>Core\Tools</Filter>
    </ClCompile>
    <ClCompile Include="Source\Core\ATGEngine.cpp" />
    <ClCompile Include="Source\Core\Platform\Windows\PI_Windows.cpp" />
    <ClCompile Include="Source\Engine\Input\InputManager.cpp" />
    <ClCompile Include="Source\Core\Platform\InputQueue.cpp" />
    <ClCompile Include="Source\DataStructures\SwapbackArray.cpp" />
    <ClCompile Include="Source\Engine\Input\InputEvent.cpp" />
  </ItemGroup>
</Project>